
Microsoft Visual Studio Solution File, Format Version 12.00
# Visual Studio 15
VisualStudioVersion = 15.0.26124.0
MinimumVisualStudioVersion = 15.0.26124.0
Project("{FAE04EC0-301F-11D3-BF4B-00C04F79EFBC}") = "SharpCode", "SharpCode\SharpCode.csproj", "{1DE47A61-28AB-4813-A84D-713C2BAC710C}"
EndProject
Project("{FAE04EC0-301F-11D3-BF4B-00C04F79EFBC}") = "SharpCode.Test", "SharpCode.Test\SharpCode.Test.csproj", "{D9CA88FD-0381-4190-AF36-F823B1A8CA00}"
EndProject
Global
	GlobalSection(SolutionConfigurationPlatforms) = preSolution
		Debug|Any CPU = Debug|Any CPU
		Debug|x64 = Debug|x64
		Debug|x86 = Debug|x86
		Release|Any CPU = Release|Any CPU
		Release|x64 = Release|x64
		Release|x86 = Release|x86
	EndGlobalSection
	GlobalSection(SolutionProperties) = preSolution
		HideSolutionNode = FALSE
	EndGlobalSection
	GlobalSection(ProjectConfigurationPlatforms) = postSolution
		{1DE47A61-28AB-4813-A84D-713C2BAC710C}.Debug|Any CPU.ActiveCfg = Debug|Any CPU
		{1DE47A61-28AB-4813-A84D-713C2BAC710C}.Debug|Any CPU.Build.0 = Debug|Any CPU
		{1DE47A61-28AB-4813-A84D-713C2BAC710C}.Debug|x64.ActiveCfg = Debug|Any CPU
		{1DE47A61-28AB-4813-A84D-713C2BAC710C}.Debug|x64.Build.0 = Debug|Any CPU
		{1DE47A61-28AB-4813-A84D-713C2BAC710C}.Debug|x86.ActiveCfg = Debug|Any CPU
		{1DE47A61-28AB-4813-A84D-713C2BAC710C}.Debug|x86.Build.0 = Debug|Any CPU
		{1DE47A61-28AB-4813-A84D-713C2BAC710C}.Release|Any CPU.ActiveCfg = Release|Any CPU
		{1DE47A61-28AB-4813-A84D-713C2BAC710C}.Release|Any CPU.Build.0 = Release|Any CPU
		{1DE47A61-28AB-4813-A84D-713C2BAC710C}.Release|x64.ActiveCfg = Release|Any CPU
		{1DE47A61-28AB-4813-A84D-713C2BAC710C}.Release|x64.Build.0 = Release|Any CPU
		{1DE47A61-28AB-4813-A84D-713C2BAC710C}.Release|x86.ActiveCfg = Release|Any CPU
		{1DE47A61-28AB-4813-A84D-713C2BAC710C}.Release|x86.Build.0 = Release|Any CPU
		{D9CA88FD-0381-4190-AF36-F823B1A8CA00}.Debug|Any CPU.ActiveCfg = Debug|Any CPU
		{D9CA88FD-0381-4190-AF36-F823B1A8CA00}.Debug|Any CPU.Build.0 = Debug|Any CPU
		{D9CA88FD-0381-4190-AF36-F823B1A8CA00}.Debug|x64.ActiveCfg = Debug|Any CPU
		{D9CA88FD-0381-4190-AF36-F823B1A8CA00}.Debug|x64.Build.0 = Debug|Any CPU
		{D9CA88FD-0381-4190-AF36-F823B1A8CA00}.Debug|x86.ActiveCfg = Debug|Any CPU
		{D9CA88FD-0381-4190-AF36-F823B1A8CA00}.Debug|x86.Build.0 = Debug|Any CPU
		{D9CA88FD-0381-4190-AF36-F823B1A8CA00}.Release|Any CPU.ActiveCfg = Release|Any CPU
		{D9CA88FD-0381-4190-AF36-F823B1A8CA00}.Release|Any CPU.Build.0 = Release|Any CPU
		{D9CA88FD-0381-4190-AF36-F823B1A8CA00}.Release|x64.ActiveCfg = Release|Any CPU
		{D9CA88FD-0381-4190-AF36-F823B1A8CA00}.Release|x64.Build.0 = Release|Any CPU
		{D9CA88FD-0381-4190-AF36-F823B1A8CA00}.Release|x86.ActiveCfg = Release|Any CPU
		{D9CA88FD-0381-4190-AF36-F823B1A8CA00}.Release|x86.Build.0 = Release|Any CPU
	EndGlobalSection
EndGlobal
